
Microsoft Visual Studio Solution File, Format Version 12.00
# Visual Studio Version 17
VisualStudioVersion = 17.14.36119.2 d17.14
MinimumVisualStudioVersion = 10.0.40219.1
Project("{FAE04EC0-301F-11D3-BF4B-00C04F79EFBC}") = "YumBlazor", "YumBlazor\YumBlazor.csproj", "{52016258-E9DF-4DDD-97BA-514DCF9DF121}"
EndProject
Global
	GlobalSection(SolutionConfigurationPlatforms) = preSolution
		Debug|Any CPU = Debug|Any CPU
		Release|Any CPU = Release|Any CPU
	EndGlobalSection
	GlobalSection(ProjectConfigurationPlatforms) = postSolution
		{52016258-E9DF-4DDD-97BA-514DCF9DF121}.Debug|Any CPU.ActiveCfg = Debug|Any CPU
		{52016258-E9DF-4DDD-97BA-514DCF9DF121}.Debug|Any CPU.Build.0 = Debug|Any CPU
		{52016258-E9DF-4DDD-97BA-514DCF9DF121}.Release|Any CPU.ActiveCfg = Release|Any CPU
		{52016258-E9DF-4DDD-97BA-514DCF9DF121}.Release|Any CPU.Build.0 = Release|Any CPU
	EndGlobalSection
	GlobalSection(SolutionProperties) = preSolution
		HideSolutionNode = FALSE
	EndGlobalSection
	GlobalSection(ExtensibilityGlobals) = postSolution
		SolutionGuid = {B71D6891-975D-4E5B-BDCD-D18BF8204DAE}
	EndGlobalSection
EndGlobal
